
Microsoft Visual Studio Solution File, Format Version 12.00
# Visual Studio Version 17
VisualStudioVersion = 17.7.34024.191
MinimumVisualStudioVersion = 10.0.40219.1
Project("{9A19103F-16F7-4668-BE54-9A1E7A4F7556}") = "Gross Salary", "Gross Salary\Gross Salary.csproj", "{9A94B445-4A5C-4C38-9A54-11EEC29AF37B}"
EndProject
Project("{9A19103F-16F7-4668-BE54-9A1E7A4F7556}") = "Add Characters to First And Last", "Add Characters to First And Last\Add Characters to First And Last.csproj", "{28A190D4-DD59-451B-9858-8F3EF3BBF2D8}"
EndProject
Project("{9A19103F-16F7-4668-BE54-9A1E7A4F7556}") = "Swap Characters", "Swap Characters\Swap Characters.csproj", "{C3DC48F3-96CC-45C1-BB86-2686C767E73B}"
EndProject
Project("{9A19103F-16F7-4668-BE54-9A1E7A4F7556}") = "Add Three Characters", "Add Three Characters\Add Three Characters.csproj", "{382E1881-AA20-4F65-8C71-E2B9B2389DBC}"
EndProject
Project("{9A19103F-16F7-4668-BE54-9A1E7A4F7556}") = "Print Pattern", "Print Pattern\Print Pattern.csproj", "{3FCCC1AE-F1E6-4F7D-B060-D7557E344E7E}"
EndProject
Project("{9A19103F-16F7-4668-BE54-9A1E7A4F7556}") = "Electricity Unit", "Electricity Unit\Electricity Unit.csproj", "{5C5339A7-66B3-4BBC-B87D-0AD268048D72}"
EndProject
Project("{FAE04EC0-301F-11D3-BF4B-00C04F79EFBC}") = "Pallindrome", "Pallindrome\Pallindrome.csproj", "{A71176CB-4EE8-47D8-9021-CE058E97EED3}"
EndProject
Project("{FAE04EC0-301F-11D3-BF4B-00C04F79EFBC}") = "Employee", "Employee\Employee.csproj", "{4242D2B7-9AF9-4FEE-B677-3C34C6448724}"
EndProject
Global
	GlobalSection(SolutionConfigurationPlatforms) = preSolution
		Debug|Any CPU = Debug|Any CPU
		Release|Any CPU = Release|Any CPU
	EndGlobalSection
	GlobalSection(ProjectConfigurationPlatforms) = postSolution
		{9A94B445-4A5C-4C38-9A54-11EEC29AF37B}.Debug|Any CPU.ActiveCfg = Debug|Any CPU
		{9A94B445-4A5C-4C38-9A54-11EEC29AF37B}.Debug|Any CPU.Build.0 = Debug|Any CPU
		{9A94B445-4A5C-4C38-9A54-11EEC29AF37B}.Release|Any CPU.ActiveCfg = Release|Any CPU
		{9A94B445-4A5C-4C38-9A54-11EEC29AF37B}.Release|Any CPU.Build.0 = Release|Any CPU
		{28A190D4-DD59-451B-9858-8F3EF3BBF2D8}.Debug|Any CPU.ActiveCfg = Debug|Any CPU
		{28A190D4-DD59-451B-9858-8F3EF3BBF2D8}.Debug|Any CPU.Build.0 = Debug|Any CPU
		{28A190D4-DD59-451B-9858-8F3EF3BBF2D8}.Release|Any CPU.ActiveCfg = Release|Any CPU
		{28A190D4-DD59-451B-9858-8F3EF3BBF2D8}.Release|Any CPU.Build.0 = Release|Any CPU
		{C3DC48F3-96CC-45C1-BB86-2686C767E73B}.Debug|Any CPU.ActiveCfg = Debug|Any CPU
		{C3DC48F3-96CC-45C1-BB86-2686C767E73B}.Debug|Any CPU.Build.0 = Debug|Any CPU
		{C3DC48F3-96CC-45C1-BB86-2686C767E73B}.Release|Any CPU.ActiveCfg = Release|Any CPU
		{C3DC48F3-96CC-45C1-BB86-2686C767E73B}.Release|Any CPU.Build.0 = Release|Any CPU
		{382E1881-AA20-4F65-8C71-E2B9B2389DBC}.Debug|Any CPU.ActiveCfg = Debug|Any CPU
		{382E1881-AA20-4F65-8C71-E2B9B2389DBC}.Debug|Any CPU.Build.0 = Debug|Any CPU
		{382E1881-AA20-4F65-8C71-E2B9B2389DBC}.Release|Any CPU.ActiveCfg = Release|Any CPU
		{382E1881-AA20-4F65-8C71-E2B9B2389DBC}.Release|Any CPU.Build.0 = Release|Any CPU
		{3FCCC1AE-F1E6-4F7D-B060-D7557E344E7E}.Debug|Any CPU.ActiveCfg = Debug|Any CPU
		{3FCCC1AE-F1E6-4F7D-B060-D7557E344E7E}.Debug|Any CPU.Build.0 = Debug|Any CPU
		{3FCCC1AE-F1E6-4F7D-B060-D7557E344E7E}.Release|Any CPU.ActiveCfg = Release|Any CPU
		{3FCCC1AE-F1E6-4F7D-B060-D7557E344E7E}.Release|Any CPU.Build.0 = Release|Any CPU
		{5C5339A7-66B3-4BBC-B87D-0AD268048D72}.Debug|Any CPU.ActiveCfg = Debug|Any CPU
		{5C5339A7-66B3-4BBC-B87D-0AD268048D72}.Debug|Any CPU.Build.0 = Debug|Any CPU
		{5C5339A7-66B3-4BBC-B87D-0AD268048D72}.Release|Any CPU.ActiveCfg = Release|Any CPU
		{5C5339A7-66B3-4BBC-B87D-0AD268048D72}.Release|Any CPU.Build.0 = Release|Any CPU
		{A71176CB-4EE8-47D8-9021-CE058E97EED3}.Debug|Any CPU.ActiveCfg = Debug|Any CPU
		{A71176CB-4EE8-47D8-9021-CE058E97EED3}.Debug|Any CPU.Build.0 = Debug|Any CPU
		{A71176CB-4EE8-47D8-9021-CE058E97EED3}.Release|Any CPU.ActiveCfg = Release|Any CPU
		{A71176CB-4EE8-47D8-9021-CE058E97EED3}.Release|Any CPU.Build.0 = Release|Any CPU
		{4242D2B7-9AF9-4FEE-B677-3C34C6448724}.Debug|Any CPU.ActiveCfg = Debug|Any CPU
		{4242D2B7-9AF9-4FEE-B677-3C34C6448724}.Debug|Any CPU.Build.0 = Debug|Any CPU
		{4242D2B7-9AF9-4FEE-B677-3C34C6448724}.Release|Any CPU.ActiveCfg = Release|Any CPU
		{4242D2B7-9AF9-4FEE-B677-3C34C6448724}.Release|Any CPU.Build.0 = Release|Any CPU
	EndGlobalSection
	GlobalSection(SolutionProperties) = preSolution
		HideSolutionNode = FALSE
	EndGlobalSection
	GlobalSection(ExtensibilityGlobals) = postSolution
		SolutionGuid = {AF1E729F-171F-4FE0-BE7D-D320C0834F3D}
	EndGlobalSection
EndGlobal
